<Solution>
  <Configurations>
    <Platform Name="x64" />
    <Platform Name="x86" />
  </Configurations>
  <Project Path="../zimg/_msvc/zimg/zimg.vcxproj" Id="c8629e57-4d6f-40fa-82fc-b39824195932" />
  <Project Path="MVTools.vcxproj" Id="66f0e01a-a225-4a58-8a81-948201805219">
    <BuildDependency Project="../zimg/_msvc/zimg/zimg.vcxproj" />
    <Build Solution="Release|x86" Project="false" />
  </Project>
</Solution>
